
Microsoft Visual Studio Solution File, Format Version 12.00
# Visual Studio Version 16
VisualStudioVersion = 16.0.30611.23
MinimumVisualStudioVersion = 10.0.40219.1
Project("{9A19103F-16F7-4668-BE54-9A1E7A4F7556}") = "CryptoGraphy.WpfApp", "CryptoGraphy.WpfApp\CryptoGraphy.WpfApp.csproj", "{0F44599A-3532-465E-ACF9-33CF39A8E068}"
EndProject
Project("{9A19103F-16F7-4668-BE54-9A1E7A4F7556}") = "CryptoGraphy.Services", "CryptoGraphy.Services\CryptoGraphy.Services.csproj", "{D39F7C7B-2775-4A2D-B0FA-42C72BA522B6}"
EndProject
Global
	GlobalSection(SolutionConfigurationPlatforms) = preSolution
		Debug|Any CPU = Debug|Any CPU
		Release|Any CPU = Release|Any CPU
	EndGlobalSection
	GlobalSection(ProjectConfigurationPlatforms) = postSolution
		{0F44599A-3532-465E-ACF9-33CF39A8E068}.Debug|Any CPU.ActiveCfg = Debug|Any CPU
		{0F44599A-3532-465E-ACF9-33CF39A8E068}.Debug|Any CPU.Build.0 = Debug|Any CPU
		{0F44599A-3532-465E-ACF9-33CF39A8E068}.Release|Any CPU.ActiveCfg = Release|Any CPU
		{0F44599A-3532-465E-ACF9-33CF39A8E068}.Release|Any CPU.Build.0 = Release|Any CPU
		{D39F7C7B-2775-4A2D-B0FA-42C72BA522B6}.Debug|Any CPU.ActiveCfg = Debug|Any CPU
		{D39F7C7B-2775-4A2D-B0FA-42C72BA522B6}.Debug|Any CPU.Build.0 = Debug|Any CPU
		{D39F7C7B-2775-4A2D-B0FA-42C72BA522B6}.Release|Any CPU.ActiveCfg = Release|Any CPU
		{D39F7C7B-2775-4A2D-B0FA-42C72BA522B6}.Release|Any CPU.Build.0 = Release|Any CPU
	EndGlobalSection
	GlobalSection(SolutionProperties) = preSolution
		HideSolutionNode = FALSE
	EndGlobalSection
	GlobalSection(ExtensibilityGlobals) = postSolution
		SolutionGuid = {2B052BD2-7F58-4E52-87D0-08EBA7A31C1E}
	EndGlobalSection
EndGlobal
